// !$*UTF8*$!
{
	archiveVersion = 1;
	classes = {
	};
	objectVersion = 46;
	objects = {

/* Begin PBXBuildFile section */
		43867CA91D47980B00D62DEF /* AppDelegate.swift in Sources */ = {isa = PBXBuildFile; fileRef = 43867CA81D47980B00D62DEF /* AppDelegate.swift */; };
		43867CAB1D47980B00D62DEF /* ViewController.swift in Sources */ = {isa = PBXBuildFile; fileRef = 43867CAA1D47980B00D62DEF /* ViewController.swift */; };
		43867CAE1D47980B00D62DEF /* Main.storyboard in Resources */ = {isa = PBXBuildFile; fileRef = 43867CAC1D47980B00D62DEF /* Main.storyboard */; };
		43867CB01D47980B00D62DEF /* Assets.xcassets in Resources */ = {isa = PBXBuildFile; fileRef = 43867CAF1D47980B00D62DEF /* Assets.xcassets */; };
		43867CB31D47980B00D62DEF /* LaunchScreen.storyboard in Resources */ = {isa = PBXBuildFile; fileRef = 43867CB11D47980B00D62DEF /* LaunchScreen.storyboard */; };
		43867CBE1D47980B00D62DEF /* medievalMappingTests.swift in Sources */ = {isa = PBXBuildFile; fileRef = 43867CBD1D47980B00D62DEF /* medievalMappingTests.swift */; };
		43867CC91D47980B00D62DEF /* medievalMappingUITests.swift in Sources */ = {isa = PBXBuildFile; fileRef = 43867CC81D47980B00D62DEF /* medievalMappingUITests.swift */; };
/* End PBXBuildFile section */

/* Begin PBXContainerItemProxy section */
		43867CBA1D47980B00D62DEF /* PBXContainerItemProxy */ = {
			isa = PBXContainerItemProxy;
			containerPortal = 43867C9D1D47980B00D62DEF /* Project object */;
			proxyType = 1;
			remoteGlobalIDString = 43867CA41D47980B00D62DEF;
			remoteInfo = medievalMapping;
		};
		43867CC51D47980B00D62DEF /* PBXContainerItemProxy */ = {
			isa = PBXContainerItemProxy;
			containerPortal = 43867C9D1D47980B00D62DEF /* Project object */;
			proxyType = 1;
			remoteGlobalIDString = 43867CA41D47980B00D62DEF;
			remoteInfo = medievalMapping;
		};
/* End PBXContainerItemProxy section */

/* Begin PBXFileReference section */
		43867CA51D47980B00D62DEF /* medievalMapping.app */ = {isa = PBXFileReference; explicitFileType = wrapper.application; includeInIndex = 0; path = medievalMapping.app; sourceTree = BUILT_PRODUCTS_DIR; };
		43867CA81D47980B00D62DEF /* AppDelegate.swift */ = {isa = PBXFileReference; lastKnownFileType = sourcecode.swift; path = AppDelegate.swift; sourceTree = "<group>"; };
		43867CAA1D47980B00D62DEF /* ViewController.swift */ = {isa = PBXFileReference; lastKnownFileType = sourcecode.swift; path = ViewController.swift; sourceTree = "<group>"; };
		43867CAD1D47980B00D62DEF /* Base */ = {isa = PBXFileReference; lastKnownFileType = file.storyboard; name = Base; path = Base.lproj/Main.storyboard; sourceTree = "<group>"; };
		43867CAF1D47980B00D62DEF /* Assets.xcassets */ = {isa = PBXFileReference; lastKnownFileType = folder.assetcatalog; path = Assets.xcassets; sourceTree = "<group>"; };
		43867CB21D47980B00D62DEF /* Base */ = {isa = PBXFileReference; lastKnownFileType = file.storyboard; name = Base; path = Base.lproj/LaunchScreen.storyboard; sourceTree = "<group>"; };
		43867CB41D47980B00D62DEF /* Info.plist */ = {isa = PBXFileReference; lastKnownFileType = text.plist.xml; path = Info.plist; sourceTree = "<group>"; };
		43867CB91D47980B00D62DEF /* medievalMappingTests.xctest */ = {isa = PBXFileReference; explicitFileType = wrapper.cfbundle; includeInIndex = 0; path = medievalMappingTests.xctest; sourceTree = BUILT_PRODUCTS_DIR; };
		43867CBD1D47980B00D62DEF /* medievalMappingTests.swift */ = {isa = PBXFileReference; lastKnownFileType = sourcecode.swift; path = medievalMappingTests.swift; sourceTree = "<group>"; };
		43867CBF1D47980B00D62DEF /* Info.plist */ = {isa = PBXFileReference; lastKnownFileType = text.plist.xml; path = Info.plist; sourceTree = "<group>"; };
		43867CC41D47980B00D62DEF /* medievalMappingUITests.xctest */ = {isa = PBXFileReference; explicitFileType = wrapper.cfbundle; includeInIndex = 0; path = medievalMappingUITests.xctest; sourceTree = BUILT_PRODUCTS_DIR; };
		43867CC81D47980B00D62DEF /* medievalMappingUITests.swift */ = {isa = PBXFileReference; lastKnownFileType = sourcecode.swift; path = medievalMappingUITests.swift; sourceTree = "<group>"; };
		43867CCA1D47980B00D62DEF /* Info.plist */ = {isa = PBXFileReference; lastKnownFileType = text.plist.xml; path = Info.plist; sourceTree = "<group>"; };
/* End PBXFileReference section */

/* Begin PBXFrameworksBuildPhase section */
		43867CA21D47980B00D62DEF /* Frameworks */ = {
			isa = PBXFrameworksBuildPhase;
			buildActionMask = 2147483647;
			files = (
			);
			runOnlyForDeploymentPostprocessing = 0;
		};
		43867CB61D47980B00D62DEF /* Frameworks */ = {
			isa = PBXFrameworksBuildPhase;
			buildActionMask = 2147483647;
			files = (
			);
			runOnlyForDeploymentPostprocessing = 0;
		};
		43867CC11D47980B00D62DEF /* Frameworks */ = {
			isa = PBXFrameworksBuildPhase;
			buildActionMask = 2147483647;
			files = (
			);
			runOnlyForDeploymentPostprocessing = 0;
		};
/* End PBXFrameworksBuildPhase section */

/* Begin PBXGroup section */
		43867C9C1D47980B00D62DEF = {
			isa = PBXGroup;
			children = (
				43867CA71D47980B00D62DEF /* medievalMapping */,
				43867CBC1D47980B00D62DEF /* medievalMappingTests */,
				43867CC71D47980B00D62DEF /* medievalMappingUITests */,
				43867CA61D47980B00D62DEF /* Products */,
			);
			sourceTree = "<group>";
		};
		43867CA61D47980B00D62DEF /* Products */ = {
			isa = PBXGroup;
			children = (
				43867CA51D47980B00D62DEF /* medievalMapping.app */,
				43867CB91D47980B00D62DEF /* medievalMappingTests.xctest */,
				43867CC41D47980B00D62DEF /* medievalMappingUITests.xctest */,
			);
			name = Products;
			sourceTree = "<group>";
		};
		43867CA71D47980B00D62DEF /* medievalMapping */ = {
			isa = PBXGroup;
			children = (
				43867CA81D47980B00D62DEF /* AppDelegate.swift */,
				43867CAA1D47980B00D62DEF /* ViewController.swift */,
				43867CAC1D47980B00D62DEF /* Main.storyboard */,
				43867CAF1D47980B00D62DEF /* Assets.xcassets */,
				43867CB11D47980B00D62DEF /* LaunchScreen.storyboard */,
				43867CB41D47980B00D62DEF /* Info.plist */,
			);
			path = medievalMapping;
			sourceTree = "<group>";
		};
		43867CBC1D47980B00D62DEF /* medievalMappingTests */ = {
			isa = PBXGroup;
			children = (
				43867CBD1D47980B00D62DEF /* medievalMappingTests.swift */,
				43867CBF1D47980B00D62DEF /* Info.plist */,
			);
			path = medievalMappingTests;
			sourceTree = "<group>";
		};
		43867CC71D47980B00D62DEF /* medievalMappingUITests */ = {
			isa = PBXGroup;
			children = (
				43867CC81D47980B00D62DEF /* medievalMappingUITests.swift */,
				43867CCA1D47980B00D62DEF /* Info.plist */,
			);
			path = medievalMappingUITests;
			sourceTree = "<group>";
		};
/* End PBXGroup section */

/* Begin PBXNativeTarget section */
		43867CA41D47980B00D62DEF /* medievalMapping */ = {
			isa = PBXNativeTarget;
			buildConfigurationList = 43867CCD1D47980B00D62DEF /* Build configuration list for PBXNativeTarget "medievalMapping" */;
			buildPhases = (
				43867CA11D47980B00D62DEF /* Sources */,
				43867CA21D47980B00D62DEF /* Frameworks */,
				43867CA31D47980B00D62DEF /* Resources */,
			);
			buildRules = (
			);
			dependencies = (
			);
			name = medievalMapping;
			productName = medievalMapping;
			productReference = 43867CA51D47980B00D62DEF /* medievalMapping.app */;
			productType = "com.apple.product-type.application";
		};
		43867CB81D47980B00D62DEF /* medievalMappingTests */ = {
			isa = PBXNativeTarget;
			buildConfigurationList = 43867CD01D47980B00D62DEF /* Build configuration list for PBXNativeTarget "medievalMappingTests" */;
			buildPhases = (
				43867CB51D47980B00D62DEF /* Sources */,
				43867CB61D47980B00D62DEF /* Frameworks */,
				43867CB71D47980B00D62DEF /* Resources */,
			);
			buildRules = (
			);
			dependencies = (
				43867CBB1D47980B00D62DEF /* PBXTargetDependency */,
			);
			name = medievalMappingTests;
			productName = medievalMappingTests;
			productReference = 43867CB91D47980B00D62DEF /* medievalMappingTests.xctest */;
			productType = "com.apple.product-type.bundle.unit-test";
		};
		43867CC31D47980B00D62DEF /* medievalMappingUITests */ = {
			isa = PBXNativeTarget;
			buildConfigurationList = 43867CD31D47980B00D62DEF /* Build configuration list for PBXNativeTarget "medievalMappingUITests" */;
			buildPhases = (
				43867CC01D47980B00D62DEF /* Sources */,
				43867CC11D47980B00D62DEF /* Frameworks */,
				43867CC21D47980B00D62DEF /* Resources */,
			);
			buildRules = (
			);
			dependencies = (
				43867CC61D47980B00D62DEF /* PBXTargetDependency */,
			);
			name = medievalMappingUITests;
			productName = medievalMappingUITests;
			productReference = 43867CC41D47980B00D62DEF /* medievalMappingUITests.xctest */;
			productType = "com.apple.product-type.bundle.ui-testing";
		};
/* End PBXNativeTarget section */

/* Begin PBXProject section */
		43867C9D1D47980B00D62DEF /* Project object */ = {
			isa = PBXProject;
			attributes = {
				LastSwiftUpdateCheck = 0730;
				LastUpgradeCheck = 0730;
				ORGANIZATIONNAME = "Rebecca Bartels";
				TargetAttributes = {
					43867CA41D47980B00D62DEF = {
						CreatedOnToolsVersion = 7.3.1;
					};
					43867CB81D47980B00D62DEF = {
						CreatedOnToolsVersion = 7.3.1;
						TestTargetID = 43867CA41D47980B00D62DEF;
					};
					43867CC31D47980B00D62DEF = {
						CreatedOnToolsVersion = 7.3.1;
						TestTargetID = 43867CA41D47980B00D62DEF;
					};
				};
			};
			buildConfigurationList = 43867CA01D47980B00D62DEF /* Build configuration list for PBXProject "medievalMapping" */;
			compatibilityVersion = "Xcode 3.2";
			developmentRegion = English;
			hasScannedForEncodings = 0;
			knownRegions = (
				en,
				Base,
			);
			mainGroup = 43867C9C1D47980B00D62DEF;
			productRefGroup = 43867CA61D47980B00D62DEF /* Products */;
			projectDirPath = "";
			projectRoot = "";
			targets = (
				43867CA41D47980B00D62DEF /* medievalMapping */,
				43867CB81D47980B00D62DEF /* medievalMappingTests */,
				43867CC31D47980B00D62DEF /* medievalMappingUITests */,
			);
		};
/* End PBXProject section */

/* Begin PBXResourcesBuildPhase section */
		43867CA31D47980B00D62DEF /* Resources */ = {
			isa = PBXResourcesBuildPhase;
			buildActionMask = 2147483647;
			files = (
				43867CB31D47980B00D62DEF /* LaunchScreen.storyboard in Resources */,
				43867CB01D47980B00D62DEF /* Assets.xcassets in Resources */,
				43867CAE1D47980B00D62DEF /* Main.storyboard in Resources */,
			);
			runOnlyForDeploymentPostprocessing = 0;
		};
		43867CB71D47980B00D62DEF /* Resources */ = {
			isa = PBXResourcesBuildPhase;
			buildActionMask = 2147483647;
			files = (
			);
			runOnlyForDeploymentPostprocessing = 0;
		};
		43867CC21D47980B00D62DEF /* Resources */ = {
			isa = PBXResourcesBuildPhase;
			buildActionMask = 2147483647;
			files = (
			);
			runOnlyForDeploymentPostprocessing = 0;
		};
/* End PBXResourcesBuildPhase section */

/* Begin PBXSourcesBuildPhase section */
		43867CA11D47980B00D62DEF /* Sources */ = {
			isa = PBXSourcesBuildPhase;
			buildActionMask = 2147483647;
			files = (
				43867CAB1D47980B00D62DEF /* ViewController.swift in Sources */,
				43867CA91D47980B00D62DEF /* AppDelegate.swift in Sources */,
			);
			runOnlyForDeploymentPostprocessing = 0;
		};
		43867CB51D47980B00D62DEF /* Sources */ = {
			isa = PBXSourcesBuildPhase;
			buildActionMask = 2147483647;
			files = (
				43867CBE1D47980B00D62DEF /* medievalMappingTests.swift in Sources */,
			);
			runOnlyForDeploymentPostprocessing = 0;
		};
		43867CC01D47980B00D62DEF /* Sources */ = {
			isa = PBXSourcesBuildPhase;
			buildActionMask = 2147483647;
			files = (
				43867CC91D47980B00D62DEF /* medievalMappingUITests.swift in Sources */,
			);
			runOnlyForDeploymentPostprocessing = 0;
		};
/* End PBXSourcesBuildPhase section */

/* Begin PBXTargetDependency section */
		43867CBB1D47980B00D62DEF /* PBXTargetDependency */ = {
			isa = PBXTargetDependency;
			target = 43867CA41D47980B00D62DEF /* medievalMapping */;
			targetProxy = 43867CBA1D47980B00D62DEF /* PBXContainerItemProxy */;
		};
		43867CC61D47980B00D62DEF /* PBXTargetDependency */ = {
			isa = PBXTargetDependency;
			target = 43867CA41D47980B00D62DEF /* medievalMapping */;
			targetProxy = 43867CC51D47980B00D62DEF /* PBXContainerItemProxy */;
		};
/* End PBXTargetDependency section */

/* Begin PBXVariantGroup section */
		43867CAC1D47980B00D62DEF /* Main.storyboard */ = {
			isa = PBXVariantGroup;
			children = (
				43867CAD1D47980B00D62DEF /* Base */,
			);
			name = Main.storyboard;
			sourceTree = "<group>";
		};
		43867CB11D47980B00D62DEF /* LaunchScreen.storyboard */ = {
			isa = PBXVariantGroup;
			children = (
				43867CB21D47980B00D62DEF /* Base */,
			);
			name = LaunchScreen.storyboard;
			sourceTree = "<group>";
		};
/* End PBXVariantGroup section */

/* Begin XCBuildConfiguration section */
		43867CCB1D47980B00D62DEF /* Debug */ = {
			isa = XCBuildConfiguration;
			buildSettings = {
				ALWAYS_SEARCH_USER_PATHS = NO;
				CLANG_ANALYZER_NONNULL = YES;
				CLANG_CXX_LANGUAGE_STANDARD = "gnu++0x";
				CLANG_CXX_LIBRARY = "libc++";
				CLANG_ENABLE_MODULES = YES;
				CLANG_ENABLE_OBJC_ARC = YES;
				CLANG_WARN_BOOL_CONVERSION = YES;
				CLANG_WARN_CONSTANT_CONVERSION = YES;
				CLANG_WARN_DIRECT_OBJC_ISA_USAGE = YES_ERROR;
				CLANG_WARN_EMPTY_BODY = YES;
				CLANG_WARN_ENUM_CONVERSION = YES;
				CLANG_WARN_INT_CONVERSION = YES;
				CLANG_WARN_OBJC_ROOT_CLASS = YES_ERROR;
				CLANG_WARN_UNREACHABLE_CODE = YES;
				CLANG_WARN__DUPLICATE_METHOD_MATCH = YES;
				"CODE_SIGN_IDENTITY[sdk=iphoneos*]" = "iPhone Developer";
				COPY_PHASE_STRIP = NO;
				DEBUG_INFORMATION_FORMAT = dwarf;
				ENABLE_STRICT_OBJC_MSGSEND = YES;
				ENABLE_TESTABILITY = YES;
				GCC_C_LANGUAGE_STANDARD = gnu99;
				GCC_DYNAMIC_NO_PIC = NO;
				GCC_NO_COMMON_BLOCKS = YES;
				GCC_OPTIMIZATION_LEVEL = 0;
				GCC_PREPROCESSOR_DEFINITIONS = (
					"DEBUG=1",
					"$(inherited)",
				);
				GCC_WARN_64_TO_32_BIT_CONVERSION = YES;
				GCC_WARN_ABOUT_RETURN_TYPE = YES_ERROR;
				GCC_WARN_UNDECLARED_SELECTOR = YES;
				GCC_WARN_UNINITIALIZED_AUTOS = YES_AGGRESSIVE;
				GCC_WARN_UNUSED_FUNCTION = YES;
				GCC_WARN_UNUSED_VARIABLE = YES;
				IPHONEOS_DEPLOYMENT_TARGET = 9.3;
				MTL_ENABLE_DEBUG_INFO = YES;
				ONLY_ACTIVE_ARCH = YES;
				SDKROOT = iphoneos;
				SWIFT_OPTIMIZATION_LEVEL = "-Onone";
				TARGETED_DEVICE_FAMILY = "1,2";
			};
			name = Debug;
		};
		43867CCC1D47980B00D62DEF /* Release */ = {
			isa = XCBuildConfiguration;
			buildSettings = {
				ALWAYS_SEARCH_USER_PATHS = NO;
				CLANG_ANALYZER_NONNULL = YES;
				CLANG_CXX_LANGUAGE_STANDARD = "gnu++0x";
				CLANG_CXX_LIBRARY = "libc++";
				CLANG_ENABLE_MODULES = YES;
				CLANG_ENABLE_OBJC_ARC = YES;
				CLANG_WARN_BOOL_CONVERSION = YES;
				CLANG_WARN_CONSTANT_CONVERSION = YES;
				CLANG_WARN_DIRECT_OBJC_ISA_USAGE = YES_ERROR;
				CLANG_WARN_EMPTY_BODY = YES;
				CLANG_WARN_ENUM_CONVERSION = YES;
				CLANG_WARN_INT_CONVERSION = YES;
				CLANG_WARN_OBJC_ROOT_CLASS = YES_ERROR;
				CLANG_WARN_UNREACHABLE_CODE = YES;
				CLANG_WARN__DUPLICATE_METHOD_MATCH = YES;
				"CODE_SIGN_IDENTITY[sdk=iphoneos*]" = "iPhone Developer";
				COPY_PHASE_STRIP = NO;
				DEBUG_INFORMATION_FORMAT = "dwarf-with-dsym";
				ENABLE_NS_ASSERTIONS = NO;
				ENABLE_STRICT_OBJC_MSGSEND = YES;
				GCC_C_LANGUAGE_STANDARD = gnu99;
				GCC_NO_COMMON_BLOCKS = YES;
				GCC_WARN_64_TO_32_BIT_CONVERSION = YES;
				GCC_WARN_ABOUT_RETURN_TYPE = YES_ERROR;
				GCC_WARN_UNDECLARED_SELECTOR = YES;
				GCC_WARN_UNINITIALIZED_AUTOS = YES_AGGRESSIVE;
				GCC_WARN_UNUSED_FUNCTION = YES;
				GCC_WARN_UNUSED_VARIABLE = YES;
				IPHONEOS_DEPLOYMENT_TARGET = 9.3;
				MTL_ENABLE_DEBUG_INFO = NO;
				SDKROOT = iphoneos;
				TARGETED_DEVICE_FAMILY = "1,2";
				VALIDATE_PRODUCT = YES;
			};
			name = Release;
		};
		43867CCE1D47980B00D62DEF /* Debug */ = {
			isa = XCBuildConfiguration;
			buildSettings = {
				ASSETCATALOG_COMPILER_APPICON_NAME = AppIcon;
				INFOPLIST_FILE = medievalMapping/Info.plist;
				LD_RUNPATH_SEARCH_PATHS = "$(inherited) @executable_path/Frameworks";
				PRODUCT_BUNDLE_IDENTIFIER = rebeccaKFBartels.medievalMapping;
				PRODUCT_NAME = "$(TARGET_NAME)";
			};
			name = Debug;
		};
		43867CCF1D47980B00D62DEF /* Release */ = {
			isa = XCBuildConfiguration;
			buildSettings = {
				ASSETCATALOG_COMPILER_APPICON_NAME = AppIcon;
				INFOPLIST_FILE = medievalMapping/Info.plist;
				LD_RUNPATH_SEARCH_PATHS = "$(inherited) @executable_path/Frameworks";
				PRODUCT_BUNDLE_IDENTIFIER = rebeccaKFBartels.medievalMapping;
				PRODUCT_NAME = "$(TARGET_NAME)";
			};
			name = Release;
		};
		43867CD11D47980B00D62DEF /* Debug */ = {
			isa = XCBuildConfiguration;
			buildSettings = {
				BUNDLE_LOADER = "$(TEST_HOST)";
				INFOPLIST_FILE = medievalMappingTests/Info.plist;
				LD_RUNPATH_SEARCH_PATHS = "$(inherited) @executable_path/Frameworks @loader_path/Frameworks";
				PRODUCT_BUNDLE_IDENTIFIER = rebeccaKFBartels.medievalMappingTests;
				PRODUCT_NAME = "$(TARGET_NAME)";
				TEST_HOST = "$(BUILT_PRODUCTS_DIR)/medievalMapping.app/medievalMapping";
			};
			name = Debug;
		};
		43867CD21D47980B00D62DEF /* Release */ = {
			isa = XCBuildConfiguration;
			buildSettings = {
				BUNDLE_LOADER = "$(TEST_HOST)";
				INFOPLIST_FILE = medievalMappingTests/Info.plist;
				LD_RUNPATH_SEARCH_PATHS = "$(inherited) @executable_path/Frameworks @loader_path/Frameworks";
				PRODUCT_BUNDLE_IDENTIFIER = rebeccaKFBartels.medievalMappingTests;
				PRODUCT_NAME = "$(TARGET_NAME)";
				TEST_HOST = "$(BUILT_PRODUCTS_DIR)/medievalMapping.app/medievalMapping";
			};
			name = Release;
		};
		43867CD41D47980B00D62DEF /* Debug */ = {
			isa = XCBuildConfiguration;
			buildSettings = {
				INFOPLIST_FILE = medievalMappingUITests/Info.plist;
				LD_RUNPATH_SEARCH_PATHS = "$(inherited) @executable_path/Frameworks @loader_path/Frameworks";
				PRODUCT_BUNDLE_IDENTIFIER = rebeccaKFBartels.medievalMappingUITests;
				PRODUCT_NAME = "$(TARGET_NAME)";
				TEST_TARGET_NAME = medievalMapping;
			};
			name = Debug;
		};
		43867CD51D47980B00D62DEF /* Release */ = {
			isa = XCBuildConfiguration;
			buildSettings = {
				INFOPLIST_FILE = medievalMappingUITests/Info.plist;
				LD_RUNPATH_SEARCH_PATHS = "$(inherited) @executable_path/Frameworks @loader_path/Frameworks";
				PRODUCT_BUNDLE_IDENTIFIER = rebeccaKFBartels.medievalMappingUITests;
				PRODUCT_NAME = "$(TARGET_NAME)";
				TEST_TARGET_NAME = medievalMapping;
			};
			name = Release;
		};
/* End XCBuildConfiguration section */

/* Begin XCConfigurationList section */
		43867CA01D47980B00D62DEF /* Build configuration list for PBXProject "medievalMapping" */ = {
			isa = XCConfigurationList;
			buildConfigurations = (
				43867CCB1D47980B00D62DEF /* Debug */,
				43867CCC1D47980B00D62DEF /* Release */,
			);
			defaultConfigurationIsVisible = 0;
			defaultConfigurationName = Release;
		};
		43867CCD1D47980B00D62DEF /* Build configuration list for PBXNativeTarget "medievalMapping" */ = {
			isa = XCConfigurationList;
			buildConfigurations = (
				43867CCE1D47980B00D62DEF /* Debug */,
				43867CCF1D47980B00D62DEF /* Release */,
			);
			defaultConfigurationIsVisible = 0;
		};
		43867CD01D47980B00D62DEF /* Build configuration list for PBXNativeTarget "medievalMappingTests" */ = {
			isa = XCConfigurationList;
			buildConfigurations = (
				43867CD11D47980B00D62DEF /* Debug */,
				43867CD21D47980B00D62DEF /* Release */,
			);
			defaultConfigurationIsVisible = 0;
		};
		43867CD31D47980B00D62DEF /* Build configuration list for PBXNativeTarget "medievalMappingUITests" */ = {
			isa = XCConfigurationList;
			buildConfigurations = (
				43867CD41D47980B00D62DEF /* Debug */,
				43867CD51D47980B00D62DEF /* Release */,
			);
			defaultConfigurationIsVisible = 0;
		};
/* End XCConfigurationList section */
	};
	rootObject = 43867C9D1D47980B00D62DEF /* Project object */;
}
